
Microsoft Visual Studio Solution File, Format Version 12.00
# Visual Studio Version 16
VisualStudioVersion = 16.0.28922.388
MinimumVisualStudioVersion = 10.0.40219.1
Project("{FAE04EC0-301F-11D3-BF4B-00C04F79EFBC}") = "JWT_Server", "JWT_Server.csproj", "{A3D9CCB9-8FF2-4CD2-B7BC-681E1F84765E}"
EndProject
Global
	GlobalSection(SolutionConfigurationPlatforms) = preSolution
		Debug|Any CPU = Debug|Any CPU
		Release|Any CPU = Release|Any CPU
	EndGlobalSection
	GlobalSection(ProjectConfigurationPlatforms) = postSolution
		{A3D9CCB9-8FF2-4CD2-B7BC-681E1F84765E}.Debug|Any CPU.ActiveCfg = Debug|Any CPU
		{A3D9CCB9-8FF2-4CD2-B7BC-681E1F84765E}.Debug|Any CPU.Build.0 = Debug|Any CPU
		{A3D9CCB9-8FF2-4CD2-B7BC-681E1F84765E}.Release|Any CPU.ActiveCfg = Release|Any CPU
		{A3D9CCB9-8FF2-4CD2-B7BC-681E1F84765E}.Release|Any CPU.Build.0 = Release|Any CPU
	EndGlobalSection
	GlobalSection(SolutionProperties) = preSolution
		HideSolutionNode = FALSE
	EndGlobalSection
	GlobalSection(ExtensibilityGlobals) = postSolution
		SolutionGuid = {DEA70886-0F52-40B1-87EB-ADC1AAA6DC2C}
	EndGlobalSection
EndGlobal
